Microsoft Visual Studio Solution File, Format Version 12.00
# Visual Studio Version 16
VisualStudioVersion = 16.0.0.0
MinimumVisualStudioVersion = 16.0.0.0
Project("{9A19103F-16F7-4668-BE54-9A1E7A4F7556}") = "blazing-notes.Server", "Server\blazing-notes.Server.csproj", "{FCAAADE7-49BC-4348-A481-D50D3950D120}"
EndProject
Project("{9A19103F-16F7-4668-BE54-9A1E7A4F7556}") = "blazing-notes.Client", "Client\blazing-notes.Client.csproj", "{F2A20D5B-F93E-4BDB-BD1D-DDDF7A241A22}"
EndProject
Project("{9A19103F-16F7-4668-BE54-9A1E7A4F7556}") = "blazing-notes.Shared", "Shared\blazing-notes.Shared.csproj", "{DDC47BD3-0FC1-45BA-9A37-544C2C0F7D84}"
EndProject
Global
	GlobalSection(SolutionConfigurationPlatforms) = preSolution
		Debug|Any CPU = Debug|Any CPU
		Debug|x64 = Debug|x64
		Debug|x86 = Debug|x86
		Release|Any CPU = Release|Any CPU
		Release|x64 = Release|x64
		Release|x86 = Release|x86
	EndGlobalSection
	GlobalSection(ProjectConfigurationPlatforms) = postSolution
		{F2A20D5B-F93E-4BDB-BD1D-DDDF7A241A22}.Debug|Any CPU.ActiveCfg = Debug|Any CPU
		{F2A20D5B-F93E-4BDB-BD1D-DDDF7A241A22}.Debug|Any CPU.Build.0 = Debug|Any CPU
		{F2A20D5B-F93E-4BDB-BD1D-DDDF7A241A22}.Debug|x64.ActiveCfg = Debug|Any CPU
		{F2A20D5B-F93E-4BDB-BD1D-DDDF7A241A22}.Debug|x64.Build.0 = Debug|Any CPU
		{F2A20D5B-F93E-4BDB-BD1D-DDDF7A241A22}.Debug|x86.ActiveCfg = Debug|Any CPU
		{F2A20D5B-F93E-4BDB-BD1D-DDDF7A241A22}.Debug|x86.Build.0 = Debug|Any CPU
		{F2A20D5B-F93E-4BDB-BD1D-DDDF7A241A22}.Release|Any CPU.ActiveCfg = Release|Any CPU
		{F2A20D5B-F93E-4BDB-BD1D-DDDF7A241A22}.Release|Any CPU.Build.0 = Release|Any CPU
		{F2A20D5B-F93E-4BDB-BD1D-DDDF7A241A22}.Release|x64.ActiveCfg = Release|Any CPU
		{F2A20D5B-F93E-4BDB-BD1D-DDDF7A241A22}.Release|x64.Build.0 = Release|Any CPU
		{F2A20D5B-F93E-4BDB-BD1D-DDDF7A241A22}.Release|x86.ActiveCfg = Release|Any CPU
		{F2A20D5B-F93E-4BDB-BD1D-DDDF7A241A22}.Release|x86.Build.0 = Release|Any CPU
		{FCAAADE7-49BC-4348-A481-D50D3950D120}.Debug|Any CPU.ActiveCfg = Debug|Any CPU
		{FCAAADE7-49BC-4348-A481-D50D3950D120}.Debug|Any CPU.Build.0 = Debug|Any CPU
		{FCAAADE7-49BC-4348-A481-D50D3950D120}.Debug|x64.ActiveCfg = Debug|Any CPU
		{FCAAADE7-49BC-4348-A481-D50D3950D120}.Debug|x64.Build.0 = Debug|Any CPU
		{FCAAADE7-49BC-4348-A481-D50D3950D120}.Debug|x86.ActiveCfg = Debug|Any CPU
		{FCAAADE7-49BC-4348-A481-D50D3950D120}.Debug|x86.Build.0 = Debug|Any CPU
		{FCAAADE7-49BC-4348-A481-D50D3950D120}.Release|Any CPU.ActiveCfg = Release|Any CPU
		{FCAAADE7-49BC-4348-A481-D50D3950D120}.Release|Any CPU.Build.0 = Release|Any CPU
		{FCAAADE7-49BC-4348-A481-D50D3950D120}.Release|x64.ActiveCfg = Release|Any CPU
		{FCAAADE7-49BC-4348-A481-D50D3950D120}.Release|x64.Build.0 = Release|Any CPU
		{FCAAADE7-49BC-4348-A481-D50D3950D120}.Release|x86.ActiveCfg = Release|Any CPU
		{FCAAADE7-49BC-4348-A481-D50D3950D120}.Release|x86.Build.0 = Release|Any CPU
		{DDC47BD3-0FC1-45BA-9A37-544C2C0F7D84}.Debug|Any CPU.ActiveCfg = Debug|Any CPU
		{DDC47BD3-0FC1-45BA-9A37-544C2C0F7D84}.Debug|Any CPU.Build.0 = Debug|Any CPU
		{DDC47BD3-0FC1-45BA-9A37-544C2C0F7D84}.Debug|x64.ActiveCfg = Debug|Any CPU
		{DDC47BD3-0FC1-45BA-9A37-544C2C0F7D84}.Debug|x64.Build.0 = Debug|Any CPU
		{DDC47BD3-0FC1-45BA-9A37-544C2C0F7D84}.Debug|x86.ActiveCfg = Debug|Any CPU
		{DDC47BD3-0FC1-45BA-9A37-544C2C0F7D84}.Debug|x86.Build.0 = Debug|Any CPU
		{DDC47BD3-0FC1-45BA-9A37-544C2C0F7D84}.Release|Any CPU.ActiveCfg = Release|Any CPU
		{DDC47BD3-0FC1-45BA-9A37-544C2C0F7D84}.Release|Any CPU.Build.0 = Release|Any CPU
		{DDC47BD3-0FC1-45BA-9A37-544C2C0F7D84}.Release|x64.ActiveCfg = Release|Any CPU
		{DDC47BD3-0FC1-45BA-9A37-544C2C0F7D84}.Release|x64.Build.0 = Release|Any CPU
		{DDC47BD3-0FC1-45BA-9A37-544C2C0F7D84}.Release|x86.ActiveCfg = Release|Any CPU
		{DDC47BD3-0FC1-45BA-9A37-544C2C0F7D84}.Release|x86.Build.0 = Release|Any CPU
	EndGlobalSection
	GlobalSection(SolutionProperties) = preSolution
		HideSolutionNode = FALSE
	EndGlobalSection
	GlobalSection(ExtensibilityGlobals) = postSolution
		SolutionGuid = {DD896E6A-6D9C-4B52-A27C-F0577CCB311B}
	EndGlobalSection
EndGlobal